
Microsoft Visual Studio Solution File, Format Version 12.00
# Visual Studio Version 16
VisualStudioVersion = 16.0.30320.27
MinimumVisualStudioVersion = 10.0.40219.1
Project("{FAE04EC0-301F-11D3-BF4B-00C04F79EFBC}") = "Izmainas", "Izmainas\Izmainas.csproj", "{219A28FA-5B8D-48B7-B0C2-2D3E8FCB6697}"
EndProject
Global
	GlobalSection(SolutionConfigurationPlatforms) = preSolution
		Debug|Any CPU = Debug|Any CPU
		Release|Any CPU = Release|Any CPU
	EndGlobalSection
	GlobalSection(ProjectConfigurationPlatforms) = postSolution
		{219A28FA-5B8D-48B7-B0C2-2D3E8FCB6697}.Debug|Any CPU.ActiveCfg = Debug|Any CPU
		{219A28FA-5B8D-48B7-B0C2-2D3E8FCB6697}.Debug|Any CPU.Build.0 = Debug|Any CPU
		{219A28FA-5B8D-48B7-B0C2-2D3E8FCB6697}.Release|Any CPU.ActiveCfg = Release|Any CPU
		{219A28FA-5B8D-48B7-B0C2-2D3E8FCB6697}.Release|Any CPU.Build.0 = Release|Any CPU
	EndGlobalSection
	GlobalSection(SolutionProperties) = preSolution
		HideSolutionNode = FALSE
	EndGlobalSection
	GlobalSection(ExtensibilityGlobals) = postSolution
		SolutionGuid = {633043BC-C8E8-4020-AD3F-4E8B537E789E}
	EndGlobalSection
EndGlobal
