
Microsoft Visual Studio Solution File, Format Version 12.00
# Visual Studio Version 16
VisualStudioVersion = 16.0.30320.27
MinimumVisualStudioVersion = 10.0.40219.1
Project("{9A19103F-16F7-4668-BE54-9A1E7A4F7556}") = "Izmainas", "Izmainas\Izmainas.csproj", "{219A28FA-5B8D-48B7-B0C2-2D3E8FCB6697}"
EndProject
Project("{00D1A9C2-B5F0-4AF3-8072-F6C62B433612}") = "IzmainasData", "IzmainasData\IzmainasData.sqlproj", "{F4509A3A-E3CC-43EA-A09D-EB74F88017F0}"
EndProject
Project("{9A19103F-16F7-4668-BE54-9A1E7A4F7556}") = "IzmainasAdmin", "IzmainasAdmin\IzmainasAdmin.csproj", "{39C5C760-BF73-4680-850A-03ECCA794F90}"
EndProject
Project("{FAE04EC0-301F-11D3-BF4B-00C04F79EFBC}") = "AngularClient", "AngularClient\AngularClient.csproj", "{03D0458A-DCFF-473F-B6D6-67948DD7AED3}"
EndProject
Global
	GlobalSection(SolutionConfigurationPlatforms) = preSolution
		Debug|Any CPU = Debug|Any CPU
		Release|Any CPU = Release|Any CPU
	EndGlobalSection
	GlobalSection(ProjectConfigurationPlatforms) = postSolution
		{219A28FA-5B8D-48B7-B0C2-2D3E8FCB6697}.Debug|Any CPU.ActiveCfg = Debug|Any CPU
		{219A28FA-5B8D-48B7-B0C2-2D3E8FCB6697}.Debug|Any CPU.Build.0 = Debug|Any CPU
		{219A28FA-5B8D-48B7-B0C2-2D3E8FCB6697}.Release|Any CPU.ActiveCfg = Release|Any CPU
		{219A28FA-5B8D-48B7-B0C2-2D3E8FCB6697}.Release|Any CPU.Build.0 = Release|Any CPU
		{F4509A3A-E3CC-43EA-A09D-EB74F88017F0}.Debug|Any CPU.ActiveCfg = Debug|Any CPU
		{F4509A3A-E3CC-43EA-A09D-EB74F88017F0}.Debug|Any CPU.Build.0 = Debug|Any CPU
		{F4509A3A-E3CC-43EA-A09D-EB74F88017F0}.Debug|Any CPU.Deploy.0 = Debug|Any CPU
		{F4509A3A-E3CC-43EA-A09D-EB74F88017F0}.Release|Any CPU.ActiveCfg = Release|Any CPU
		{F4509A3A-E3CC-43EA-A09D-EB74F88017F0}.Release|Any CPU.Build.0 = Release|Any CPU
		{F4509A3A-E3CC-43EA-A09D-EB74F88017F0}.Release|Any CPU.Deploy.0 = Release|Any CPU
		{39C5C760-BF73-4680-850A-03ECCA794F90}.Debug|Any CPU.ActiveCfg = Debug|Any CPU
		{39C5C760-BF73-4680-850A-03ECCA794F90}.Debug|Any CPU.Build.0 = Debug|Any CPU
		{39C5C760-BF73-4680-850A-03ECCA794F90}.Release|Any CPU.ActiveCfg = Release|Any CPU
		{39C5C760-BF73-4680-850A-03ECCA794F90}.Release|Any CPU.Build.0 = Release|Any CPU
		{03D0458A-DCFF-473F-B6D6-67948DD7AED3}.Debug|Any CPU.ActiveCfg = Debug|Any CPU
		{03D0458A-DCFF-473F-B6D6-67948DD7AED3}.Debug|Any CPU.Build.0 = Debug|Any CPU
		{03D0458A-DCFF-473F-B6D6-67948DD7AED3}.Release|Any CPU.ActiveCfg = Release|Any CPU
		{03D0458A-DCFF-473F-B6D6-67948DD7AED3}.Release|Any CPU.Build.0 = Release|Any CPU
	EndGlobalSection
	GlobalSection(SolutionProperties) = preSolution
		HideSolutionNode = FALSE
	EndGlobalSection
	GlobalSection(ExtensibilityGlobals) = postSolution
		SolutionGuid = {633043BC-C8E8-4020-AD3F-4E8B537E789E}
	EndGlobalSection
EndGlobal
